
Microsoft Visual Studio Solution File, Format Version 12.00
# Visual Studio Version 17
VisualStudioVersion = 17.14.36930.0 d17.14
MinimumVisualStudioVersion = 10.0.40219.1
Project("{FAE04EC0-301F-11D3-BF4B-00C04F79EFBC}") = "BioTime", "BioTime.csproj", "{D5D97E84-C984-4682-A417-24E6217643BA}"
EndProject
Global
	GlobalSection(SolutionConfigurationPlatforms) = preSolution
		Debug|Any CPU = Debug|Any CPU
		Release|Any CPU = Release|Any CPU
	EndGlobalSection
	GlobalSection(ProjectConfigurationPlatforms) = postSolution
		{D5D97E84-C984-4682-A417-24E6217643BA}.Debug|Any CPU.ActiveCfg = Debug|Any CPU
		{D5D97E84-C984-4682-A417-24E6217643BA}.Debug|Any CPU.Build.0 = Debug|Any CPU
		{D5D97E84-C984-4682-A417-24E6217643BA}.Release|Any CPU.ActiveCfg = Release|Any CPU
		{D5D97E84-C984-4682-A417-24E6217643BA}.Release|Any CPU.Build.0 = Release|Any CPU
	EndGlobalSection
	GlobalSection(SolutionProperties) = preSolution
		HideSolutionNode = FALSE
	EndGlobalSection
	GlobalSection(ExtensibilityGlobals) = postSolution
		SolutionGuid = {9FA4F696-9CF6-42DB-B92B-FFF16FCA29C6}
	EndGlobalSection
EndGlobal
